
Microsoft Visual Studio Solution File, Format Version 12.00
# Visual Studio 14
VisualStudioVersion = 14.0.25420.1
MinimumVisualStudioVersion = 10.0.40219.1
Project("{F184B08F-C81C-45F6-A57F-5ABD9991F28F}") = "MHB.Web", "MHB.Web\MHB.Web.vbproj", "{4D039432-34F9-40E1-A2AC-E80DB8D5D396}"
EndProject
Project("{FAE04EC0-301F-11D3-BF4B-00C04F79EFBC}") = "MHB.Captcha", "MHB.Captcha\Captcha\MHB.Captcha.csproj", "{7F9C2E8A-74FA-4647-9C4A-E6ECA97C501E}"
EndProject
Project("{FAE04EC0-301F-11D3-BF4B-00C04F79EFBC}") = "MHB.DAL", "MHB.DAL\MHB.DAL.csproj", "{7A29F226-200A-4D75-9E19-27ED7A6022A8}"
EndProject
Project("{FAE04EC0-301F-11D3-BF4B-00C04F79EFBC}") = "MHB.Mail", "MHB.Mail\MHB.Mail.csproj", "{3D66D2A4-AAA3-4772-BE37-E49CFA777C99}"
EndProject
Project("{FAE04EC0-301F-11D3-BF4B-00C04F79EFBC}") = "MHB.UserManager", "MHB.UserManager\MHB.UserManager.csproj", "{524026DA-33AE-418B-BE71-5220A62CBE94}"
EndProject
Project("{F184B08F-C81C-45F6-A57F-5ABD9991F28F}") = "MHB.Logging", "MHB.Logging\MHB.Logging.vbproj", "{0A386C37-4902-4F08-B92B-B8AB2711AD58}"
EndProject
Project("{FAE04EC0-301F-11D3-BF4B-00C04F79EFBC}") = "MHB.BL", "MHB.BL\MHB.BL.csproj", "{3E01E3C6-C0F9-42CD-AB85-0B8F3922B265}"
EndProject
Project("{FAE04EC0-301F-11D3-BF4B-00C04F79EFBC}") = "MHB.HttpModules", "MHB.HttpModules\MHB.HttpModules.csproj", "{593AB196-9EB7-44D3-912C-10B31E0D31F8}"
EndProject
Project("{F184B08F-C81C-45F6-A57F-5ABD9991F28F}") = "MHB.IPGeoLocation", "MHB.IPGeoLocation\MHB.IPGeoLocation.vbproj", "{EE4F3592-A0F1-4489-BD8E-94F4DC38C173}"
EndProject
Project("{FAE04EC0-301F-11D3-BF4B-00C04F79EFBC}") = "MHB.ConsoleTest", "MHB.Test\MHB.ConsoleTest.csproj", "{7875E6E8-66BD-4DA7-A271-079D8F554078}"
EndProject
Project("{FAE04EC0-301F-11D3-BF4B-00C04F79EFBC}") = "MHB.API", "MHB.API\MHB.API.csproj", "{818B5F3F-D6BB-4DE1-8D07-23CE3761AB12}"
EndProject
Project("{FAE04EC0-301F-11D3-BF4B-00C04F79EFBC}") = "MHB.Gadgets", "MHB.Gadgets\MHB.Gadgets.csproj", "{0397FD6A-C301-40F9-83BE-D09187CC0687}"
	ProjectSection(ProjectDependencies) = postProject
		{818B5F3F-D6BB-4DE1-8D07-23CE3761AB12} = {818B5F3F-D6BB-4DE1-8D07-23CE3761AB12}
	EndProjectSection
EndProject
Project("{FAE04EC0-301F-11D3-BF4B-00C04F79EFBC}") = "MHB.ReceiptScanner", "MHB.ReceiptScanner\MHB.ReceiptScanner.csproj", "{539F4AE5-A4AA-4453-B9C8-5C1558C17FE0}"
EndProject
Project("{FAE04EC0-301F-11D3-BF4B-00C04F79EFBC}") = "MHB.UnitTests", "MHB.UnitTests\MHB.UnitTests.csproj", "{51D5D428-1BB0-4BBB-A051-94C604606D93}"
EndProject
Global
	GlobalSection(SolutionConfigurationPlatforms) = preSolution
		Debug|.NET = Debug|.NET
		Debug|Any CPU = Debug|Any CPU
		Debug|Mixed Platforms = Debug|Mixed Platforms
		Debug|x64 = Debug|x64
		Debug|x86 = Debug|x86
		Release|.NET = Release|.NET
		Release|Any CPU = Release|Any CPU
		Release|Mixed Platforms = Release|Mixed Platforms
		Release|x64 = Release|x64
		Release|x86 = Release|x86
	EndGlobalSection
	GlobalSection(ProjectConfigurationPlatforms) = postSolution
		{4D039432-34F9-40E1-A2AC-E80DB8D5D396}.Debug|.NET.ActiveCfg = Debug|Any CPU
		{4D039432-34F9-40E1-A2AC-E80DB8D5D396}.Debug|Any CPU.ActiveCfg = Debug|Any CPU
		{4D039432-34F9-40E1-A2AC-E80DB8D5D396}.Debug|Any CPU.Build.0 = Debug|Any CPU
		{4D039432-34F9-40E1-A2AC-E80DB8D5D396}.Debug|Mixed Platforms.ActiveCfg = Debug|x64
		{4D039432-34F9-40E1-A2AC-E80DB8D5D396}.Debug|Mixed Platforms.Build.0 = Debug|x64
		{4D039432-34F9-40E1-A2AC-E80DB8D5D396}.Debug|x64.ActiveCfg = Debug|x64
		{4D039432-34F9-40E1-A2AC-E80DB8D5D396}.Debug|x64.Build.0 = Debug|x64
		{4D039432-34F9-40E1-A2AC-E80DB8D5D396}.Debug|x86.ActiveCfg = Debug|Any CPU
		{4D039432-34F9-40E1-A2AC-E80DB8D5D396}.Release|.NET.ActiveCfg = Release|Any CPU
		{4D039432-34F9-40E1-A2AC-E80DB8D5D396}.Release|Any CPU.ActiveCfg = Release|Any CPU
		{4D039432-34F9-40E1-A2AC-E80DB8D5D396}.Release|Any CPU.Build.0 = Release|Any CPU
		{4D039432-34F9-40E1-A2AC-E80DB8D5D396}.Release|Mixed Platforms.ActiveCfg = Release|Any CPU
		{4D039432-34F9-40E1-A2AC-E80DB8D5D396}.Release|Mixed Platforms.Build.0 = Release|Any CPU
		{4D039432-34F9-40E1-A2AC-E80DB8D5D396}.Release|x64.ActiveCfg = Release|x64
		{4D039432-34F9-40E1-A2AC-E80DB8D5D396}.Release|x64.Build.0 = Release|x64
		{4D039432-34F9-40E1-A2AC-E80DB8D5D396}.Release|x86.ActiveCfg = Release|Any CPU
		{7F9C2E8A-74FA-4647-9C4A-E6ECA97C501E}.Debug|.NET.ActiveCfg = Debug|Any CPU
		{7F9C2E8A-74FA-4647-9C4A-E6ECA97C501E}.Debug|Any CPU.ActiveCfg = Debug|Any CPU
		{7F9C2E8A-74FA-4647-9C4A-E6ECA97C501E}.Debug|Any CPU.Build.0 = Debug|Any CPU
		{7F9C2E8A-74FA-4647-9C4A-E6ECA97C501E}.Debug|Mixed Platforms.ActiveCfg = Debug|Any CPU
		{7F9C2E8A-74FA-4647-9C4A-E6ECA97C501E}.Debug|Mixed Platforms.Build.0 = Debug|Any CPU
		{7F9C2E8A-74FA-4647-9C4A-E6ECA97C501E}.Debug|x64.ActiveCfg = Debug|x64
		{7F9C2E8A-74FA-4647-9C4A-E6ECA97C501E}.Debug|x64.Build.0 = Debug|x64
		{7F9C2E8A-74FA-4647-9C4A-E6ECA97C501E}.Debug|x86.ActiveCfg = Debug|x64
		{7F9C2E8A-74FA-4647-9C4A-E6ECA97C501E}.Release|.NET.ActiveCfg = Release|Any CPU
		{7F9C2E8A-74FA-4647-9C4A-E6ECA97C501E}.Release|Any CPU.ActiveCfg = Release|Any CPU
		{7F9C2E8A-74FA-4647-9C4A-E6ECA97C501E}.Release|Any CPU.Build.0 = Release|Any CPU
		{7F9C2E8A-74FA-4647-9C4A-E6ECA97C501E}.Release|Mixed Platforms.ActiveCfg = Release|Any CPU
		{7F9C2E8A-74FA-4647-9C4A-E6ECA97C501E}.Release|Mixed Platforms.Build.0 = Release|Any CPU
		{7F9C2E8A-74FA-4647-9C4A-E6ECA97C501E}.Release|x64.ActiveCfg = Release|x64
		{7F9C2E8A-74FA-4647-9C4A-E6ECA97C501E}.Release|x64.Build.0 = Release|x64
		{7F9C2E8A-74FA-4647-9C4A-E6ECA97C501E}.Release|x86.ActiveCfg = Release|x64
		{7A29F226-200A-4D75-9E19-27ED7A6022A8}.Debug|.NET.ActiveCfg = Debug|Any CPU
		{7A29F226-200A-4D75-9E19-27ED7A6022A8}.Debug|Any CPU.ActiveCfg = Debug|Any CPU
		{7A29F226-200A-4D75-9E19-27ED7A6022A8}.Debug|Any CPU.Build.0 = Debug|Any CPU
		{7A29F226-200A-4D75-9E19-27ED7A6022A8}.Debug|Mixed Platforms.ActiveCfg = Debug|Any CPU
		{7A29F226-200A-4D75-9E19-27ED7A6022A8}.Debug|Mixed Platforms.Build.0 = Debug|Any CPU
		{7A29F226-200A-4D75-9E19-27ED7A6022A8}.Debug|x64.ActiveCfg = Debug|x64
		{7A29F226-200A-4D75-9E19-27ED7A6022A8}.Debug|x64.Build.0 = Debug|x64
		{7A29F226-200A-4D75-9E19-27ED7A6022A8}.Debug|x86.ActiveCfg = Debug|Any CPU
		{7A29F226-200A-4D75-9E19-27ED7A6022A8}.Release|.NET.ActiveCfg = Release|Any CPU
		{7A29F226-200A-4D75-9E19-27ED7A6022A8}.Release|Any CPU.ActiveCfg = Release|Any CPU
		{7A29F226-200A-4D75-9E19-27ED7A6022A8}.Release|Any CPU.Build.0 = Release|Any CPU
		{7A29F226-200A-4D75-9E19-27ED7A6022A8}.Release|Mixed Platforms.ActiveCfg = Release|Any CPU
		{7A29F226-200A-4D75-9E19-27ED7A6022A8}.Release|Mixed Platforms.Build.0 = Release|Any CPU
		{7A29F226-200A-4D75-9E19-27ED7A6022A8}.Release|x64.ActiveCfg = Release|x64
		{7A29F226-200A-4D75-9E19-27ED7A6022A8}.Release|x64.Build.0 = Release|x64
		{7A29F226-200A-4D75-9E19-27ED7A6022A8}.Release|x86.ActiveCfg = Release|Any CPU
		{3D66D2A4-AAA3-4772-BE37-E49CFA777C99}.Debug|.NET.ActiveCfg = Debug|Any CPU
		{3D66D2A4-AAA3-4772-BE37-E49CFA777C99}.Debug|Any CPU.ActiveCfg = Debug|Any CPU
		{3D66D2A4-AAA3-4772-BE37-E49CFA777C99}.Debug|Any CPU.Build.0 = Debug|Any CPU
		{3D66D2A4-AAA3-4772-BE37-E49CFA777C99}.Debug|Mixed Platforms.ActiveCfg = Debug|Any CPU
		{3D66D2A4-AAA3-4772-BE37-E49CFA777C99}.Debug|Mixed Platforms.Build.0 = Debug|Any CPU
		{3D66D2A4-AAA3-4772-BE37-E49CFA777C99}.Debug|x64.ActiveCfg = Debug|x64
		{3D66D2A4-AAA3-4772-BE37-E49CFA777C99}.Debug|x64.Build.0 = Debug|x64
		{3D66D2A4-AAA3-4772-BE37-E49CFA777C99}.Debug|x86.ActiveCfg = Debug|Any CPU
		{3D66D2A4-AAA3-4772-BE37-E49CFA777C99}.Release|.NET.ActiveCfg = Release|Any CPU
		{3D66D2A4-AAA3-4772-BE37-E49CFA777C99}.Release|Any CPU.ActiveCfg = Release|Any CPU
		{3D66D2A4-AAA3-4772-BE37-E49CFA777C99}.Release|Any CPU.Build.0 = Release|Any CPU
		{3D66D2A4-AAA3-4772-BE37-E49CFA777C99}.Release|Mixed Platforms.ActiveCfg = Release|Any CPU
		{3D66D2A4-AAA3-4772-BE37-E49CFA777C99}.Release|Mixed Platforms.Build.0 = Release|Any CPU
		{3D66D2A4-AAA3-4772-BE37-E49CFA777C99}.Release|x64.ActiveCfg = Release|x64
		{3D66D2A4-AAA3-4772-BE37-E49CFA777C99}.Release|x64.Build.0 = Release|x64
		{3D66D2A4-AAA3-4772-BE37-E49CFA777C99}.Release|x86.ActiveCfg = Release|Any CPU
		{524026DA-33AE-418B-BE71-5220A62CBE94}.Debug|.NET.ActiveCfg = Debug|Any CPU
		{524026DA-33AE-418B-BE71-5220A62CBE94}.Debug|Any CPU.ActiveCfg = Debug|Any CPU
		{524026DA-33AE-418B-BE71-5220A62CBE94}.Debug|Any CPU.Build.0 = Debug|Any CPU
		{524026DA-33AE-418B-BE71-5220A62CBE94}.Debug|Mixed Platforms.ActiveCfg = Debug|Any CPU
		{524026DA-33AE-418B-BE71-5220A62CBE94}.Debug|Mixed Platforms.Build.0 = Debug|Any CPU
		{524026DA-33AE-418B-BE71-5220A62CBE94}.Debug|x64.ActiveCfg = Debug|x64
		{524026DA-33AE-418B-BE71-5220A62CBE94}.Debug|x64.Build.0 = Debug|x64
		{524026DA-33AE-418B-BE71-5220A62CBE94}.Debug|x86.ActiveCfg = Debug|Any CPU
		{524026DA-33AE-418B-BE71-5220A62CBE94}.Release|.NET.ActiveCfg = Release|Any CPU
		{524026DA-33AE-418B-BE71-5220A62CBE94}.Release|Any CPU.ActiveCfg = Release|Any CPU
		{524026DA-33AE-418B-BE71-5220A62CBE94}.Release|Any CPU.Build.0 = Release|Any CPU
		{524026DA-33AE-418B-BE71-5220A62CBE94}.Release|Mixed Platforms.ActiveCfg = Release|Any CPU
		{524026DA-33AE-418B-BE71-5220A62CBE94}.Release|Mixed Platforms.Build.0 = Release|Any CPU
		{524026DA-33AE-418B-BE71-5220A62CBE94}.Release|x64.ActiveCfg = Release|x64
		{524026DA-33AE-418B-BE71-5220A62CBE94}.Release|x64.Build.0 = Release|x64
		{524026DA-33AE-418B-BE71-5220A62CBE94}.Release|x86.ActiveCfg = Release|Any CPU
		{0A386C37-4902-4F08-B92B-B8AB2711AD58}.Debug|.NET.ActiveCfg = Debug|Any CPU
		{0A386C37-4902-4F08-B92B-B8AB2711AD58}.Debug|Any CPU.ActiveCfg = Debug|Any CPU
		{0A386C37-4902-4F08-B92B-B8AB2711AD58}.Debug|Any CPU.Build.0 = Debug|Any CPU
		{0A386C37-4902-4F08-B92B-B8AB2711AD58}.Debug|Mixed Platforms.ActiveCfg = Debug|Any CPU
		{0A386C37-4902-4F08-B92B-B8AB2711AD58}.Debug|Mixed Platforms.Build.0 = Debug|Any CPU
		{0A386C37-4902-4F08-B92B-B8AB2711AD58}.Debug|x64.ActiveCfg = Debug|x64
		{0A386C37-4902-4F08-B92B-B8AB2711AD58}.Debug|x64.Build.0 = Debug|x64
		{0A386C37-4902-4F08-B92B-B8AB2711AD58}.Debug|x86.ActiveCfg = Debug|Any CPU
		{0A386C37-4902-4F08-B92B-B8AB2711AD58}.Release|.NET.ActiveCfg = Release|Any CPU
		{0A386C37-4902-4F08-B92B-B8AB2711AD58}.Release|Any CPU.ActiveCfg = Release|Any CPU
		{0A386C37-4902-4F08-B92B-B8AB2711AD58}.Release|Any CPU.Build.0 = Release|Any CPU
		{0A386C37-4902-4F08-B92B-B8AB2711AD58}.Release|Mixed Platforms.ActiveCfg = Release|Any CPU
		{0A386C37-4902-4F08-B92B-B8AB2711AD58}.Release|Mixed Platforms.Build.0 = Release|Any CPU
		{0A386C37-4902-4F08-B92B-B8AB2711AD58}.Release|x64.ActiveCfg = Release|x64
		{0A386C37-4902-4F08-B92B-B8AB2711AD58}.Release|x64.Build.0 = Release|x64
		{0A386C37-4902-4F08-B92B-B8AB2711AD58}.Release|x86.ActiveCfg = Release|Any CPU
		{3E01E3C6-C0F9-42CD-AB85-0B8F3922B265}.Debug|.NET.ActiveCfg = Debug|Any CPU
		{3E01E3C6-C0F9-42CD-AB85-0B8F3922B265}.Debug|Any CPU.ActiveCfg = Debug|Any CPU
		{3E01E3C6-C0F9-42CD-AB85-0B8F3922B265}.Debug|Any CPU.Build.0 = Debug|Any CPU
		{3E01E3C6-C0F9-42CD-AB85-0B8F3922B265}.Debug|Mixed Platforms.ActiveCfg = Debug|x64
		{3E01E3C6-C0F9-42CD-AB85-0B8F3922B265}.Debug|Mixed Platforms.Build.0 = Debug|x64
		{3E01E3C6-C0F9-42CD-AB85-0B8F3922B265}.Debug|x64.ActiveCfg = Debug|x64
		{3E01E3C6-C0F9-42CD-AB85-0B8F3922B265}.Debug|x64.Build.0 = Debug|x64
		{3E01E3C6-C0F9-42CD-AB85-0B8F3922B265}.Debug|x86.ActiveCfg = Debug|Any CPU
		{3E01E3C6-C0F9-42CD-AB85-0B8F3922B265}.Release|.NET.ActiveCfg = Release|Any CPU
		{3E01E3C6-C0F9-42CD-AB85-0B8F3922B265}.Release|Any CPU.ActiveCfg = Release|Any CPU
		{3E01E3C6-C0F9-42CD-AB85-0B8F3922B265}.Release|Any CPU.Build.0 = Release|Any CPU
		{3E01E3C6-C0F9-42CD-AB85-0B8F3922B265}.Release|Mixed Platforms.ActiveCfg = Release|Any CPU
		{3E01E3C6-C0F9-42CD-AB85-0B8F3922B265}.Release|Mixed Platforms.Build.0 = Release|Any CPU
		{3E01E3C6-C0F9-42CD-AB85-0B8F3922B265}.Release|x64.ActiveCfg = Release|x64
		{3E01E3C6-C0F9-42CD-AB85-0B8F3922B265}.Release|x64.Build.0 = Release|x64
		{3E01E3C6-C0F9-42CD-AB85-0B8F3922B265}.Release|x86.ActiveCfg = Release|Any CPU
		{593AB196-9EB7-44D3-912C-10B31E0D31F8}.Debug|.NET.ActiveCfg = Debug|Any CPU
		{593AB196-9EB7-44D3-912C-10B31E0D31F8}.Debug|Any CPU.ActiveCfg = Debug|Any CPU
		{593AB196-9EB7-44D3-912C-10B31E0D31F8}.Debug|Any CPU.Build.0 = Debug|Any CPU
		{593AB196-9EB7-44D3-912C-10B31E0D31F8}.Debug|Mixed Platforms.ActiveCfg = Debug|Any CPU
		{593AB196-9EB7-44D3-912C-10B31E0D31F8}.Debug|Mixed Platforms.Build.0 = Debug|Any CPU
		{593AB196-9EB7-44D3-912C-10B31E0D31F8}.Debug|x64.ActiveCfg = Debug|x64
		{593AB196-9EB7-44D3-912C-10B31E0D31F8}.Debug|x64.Build.0 = Debug|x64
		{593AB196-9EB7-44D3-912C-10B31E0D31F8}.Debug|x86.ActiveCfg = Debug|Any CPU
		{593AB196-9EB7-44D3-912C-10B31E0D31F8}.Release|.NET.ActiveCfg = Release|Any CPU
		{593AB196-9EB7-44D3-912C-10B31E0D31F8}.Release|Any CPU.ActiveCfg = Release|Any CPU
		{593AB196-9EB7-44D3-912C-10B31E0D31F8}.Release|Any CPU.Build.0 = Release|Any CPU
		{593AB196-9EB7-44D3-912C-10B31E0D31F8}.Release|Mixed Platforms.ActiveCfg = Release|Any CPU
		{593AB196-9EB7-44D3-912C-10B31E0D31F8}.Release|Mixed Platforms.Build.0 = Release|Any CPU
		{593AB196-9EB7-44D3-912C-10B31E0D31F8}.Release|x64.ActiveCfg = Release|x64
		{593AB196-9EB7-44D3-912C-10B31E0D31F8}.Release|x64.Build.0 = Release|x64
		{593AB196-9EB7-44D3-912C-10B31E0D31F8}.Release|x86.ActiveCfg = Release|Any CPU
		{EE4F3592-A0F1-4489-BD8E-94F4DC38C173}.Debug|.NET.ActiveCfg = Debug|Any CPU
		{EE4F3592-A0F1-4489-BD8E-94F4DC38C173}.Debug|Any CPU.ActiveCfg = Debug|Any CPU
		{EE4F3592-A0F1-4489-BD8E-94F4DC38C173}.Debug|Any CPU.Build.0 = Debug|Any CPU
		{EE4F3592-A0F1-4489-BD8E-94F4DC38C173}.Debug|Mixed Platforms.ActiveCfg = Debug|Any CPU
		{EE4F3592-A0F1-4489-BD8E-94F4DC38C173}.Debug|Mixed Platforms.Build.0 = Debug|Any CPU
		{EE4F3592-A0F1-4489-BD8E-94F4DC38C173}.Debug|x64.ActiveCfg = Debug|x64
		{EE4F3592-A0F1-4489-BD8E-94F4DC38C173}.Debug|x64.Build.0 = Debug|x64
		{EE4F3592-A0F1-4489-BD8E-94F4DC38C173}.Debug|x86.ActiveCfg = Debug|Any CPU
		{EE4F3592-A0F1-4489-BD8E-94F4DC38C173}.Release|.NET.ActiveCfg = Release|Any CPU
		{EE4F3592-A0F1-4489-BD8E-94F4DC38C173}.Release|Any CPU.ActiveCfg = Release|Any CPU
		{EE4F3592-A0F1-4489-BD8E-94F4DC38C173}.Release|Any CPU.Build.0 = Release|Any CPU
		{EE4F3592-A0F1-4489-BD8E-94F4DC38C173}.Release|Mixed Platforms.ActiveCfg = Release|Any CPU
		{EE4F3592-A0F1-4489-BD8E-94F4DC38C173}.Release|Mixed Platforms.Build.0 = Release|Any CPU
		{EE4F3592-A0F1-4489-BD8E-94F4DC38C173}.Release|x64.ActiveCfg = Release|x64
		{EE4F3592-A0F1-4489-BD8E-94F4DC38C173}.Release|x64.Build.0 = Release|x64
		{EE4F3592-A0F1-4489-BD8E-94F4DC38C173}.Release|x86.ActiveCfg = Release|Any CPU
		{7875E6E8-66BD-4DA7-A271-079D8F554078}.Debug|.NET.ActiveCfg = Debug|x86
		{7875E6E8-66BD-4DA7-A271-079D8F554078}.Debug|Any CPU.ActiveCfg = Debug|x86
		{7875E6E8-66BD-4DA7-A271-079D8F554078}.Debug|Any CPU.Build.0 = Debug|x86
		{7875E6E8-66BD-4DA7-A271-079D8F554078}.Debug|Mixed Platforms.ActiveCfg = Debug|x86
		{7875E6E8-66BD-4DA7-A271-079D8F554078}.Debug|Mixed Platforms.Build.0 = Debug|x86
		{7875E6E8-66BD-4DA7-A271-079D8F554078}.Debug|x64.ActiveCfg = Debug|x64
		{7875E6E8-66BD-4DA7-A271-079D8F554078}.Debug|x64.Build.0 = Debug|x64
		{7875E6E8-66BD-4DA7-A271-079D8F554078}.Debug|x86.ActiveCfg = Debug|x86
		{7875E6E8-66BD-4DA7-A271-079D8F554078}.Debug|x86.Build.0 = Debug|x86
		{7875E6E8-66BD-4DA7-A271-079D8F554078}.Release|.NET.ActiveCfg = Release|x86
		{7875E6E8-66BD-4DA7-A271-079D8F554078}.Release|Any CPU.ActiveCfg = Release|x86
		{7875E6E8-66BD-4DA7-A271-079D8F554078}.Release|Any CPU.Build.0 = Release|x86
		{7875E6E8-66BD-4DA7-A271-079D8F554078}.Release|Mixed Platforms.ActiveCfg = Release|x86
		{7875E6E8-66BD-4DA7-A271-079D8F554078}.Release|Mixed Platforms.Build.0 = Release|x86
		{7875E6E8-66BD-4DA7-A271-079D8F554078}.Release|x64.ActiveCfg = Release|x64
		{7875E6E8-66BD-4DA7-A271-079D8F554078}.Release|x64.Build.0 = Release|x64
		{7875E6E8-66BD-4DA7-A271-079D8F554078}.Release|x86.ActiveCfg = Release|x86
		{7875E6E8-66BD-4DA7-A271-079D8F554078}.Release|x86.Build.0 = Release|x86
		{818B5F3F-D6BB-4DE1-8D07-23CE3761AB12}.Debug|.NET.ActiveCfg = Debug|Any CPU
		{818B5F3F-D6BB-4DE1-8D07-23CE3761AB12}.Debug|Any CPU.ActiveCfg = Debug|Any CPU
		{818B5F3F-D6BB-4DE1-8D07-23CE3761AB12}.Debug|Any CPU.Build.0 = Debug|Any CPU
		{818B5F3F-D6BB-4DE1-8D07-23CE3761AB12}.Debug|Mixed Platforms.ActiveCfg = Debug|Any CPU
		{818B5F3F-D6BB-4DE1-8D07-23CE3761AB12}.Debug|Mixed Platforms.Build.0 = Debug|Any CPU
		{818B5F3F-D6BB-4DE1-8D07-23CE3761AB12}.Debug|x64.ActiveCfg = Debug|x64
		{818B5F3F-D6BB-4DE1-8D07-23CE3761AB12}.Debug|x64.Build.0 = Debug|x64
		{818B5F3F-D6BB-4DE1-8D07-23CE3761AB12}.Debug|x86.ActiveCfg = Debug|Any CPU
		{818B5F3F-D6BB-4DE1-8D07-23CE3761AB12}.Release|.NET.ActiveCfg = Release|Any CPU
		{818B5F3F-D6BB-4DE1-8D07-23CE3761AB12}.Release|Any CPU.ActiveCfg = Release|Any CPU
		{818B5F3F-D6BB-4DE1-8D07-23CE3761AB12}.Release|Any CPU.Build.0 = Release|Any CPU
		{818B5F3F-D6BB-4DE1-8D07-23CE3761AB12}.Release|Mixed Platforms.ActiveCfg = Release|Any CPU
		{818B5F3F-D6BB-4DE1-8D07-23CE3761AB12}.Release|Mixed Platforms.Build.0 = Release|Any CPU
		{818B5F3F-D6BB-4DE1-8D07-23CE3761AB12}.Release|x64.ActiveCfg = Release|x64
		{818B5F3F-D6BB-4DE1-8D07-23CE3761AB12}.Release|x64.Build.0 = Release|x64
		{818B5F3F-D6BB-4DE1-8D07-23CE3761AB12}.Release|x86.ActiveCfg = Release|Any CPU
		{0397FD6A-C301-40F9-83BE-D09187CC0687}.Debug|.NET.ActiveCfg = Debug|x86
		{0397FD6A-C301-40F9-83BE-D09187CC0687}.Debug|Any CPU.ActiveCfg = Debug|x86
		{0397FD6A-C301-40F9-83BE-D09187CC0687}.Debug|Any CPU.Build.0 = Debug|x86
		{0397FD6A-C301-40F9-83BE-D09187CC0687}.Debug|Mixed Platforms.ActiveCfg = Debug|x86
		{0397FD6A-C301-40F9-83BE-D09187CC0687}.Debug|Mixed Platforms.Build.0 = Debug|x86
		{0397FD6A-C301-40F9-83BE-D09187CC0687}.Debug|x64.ActiveCfg = Debug|x64
		{0397FD6A-C301-40F9-83BE-D09187CC0687}.Debug|x64.Build.0 = Debug|x64
		{0397FD6A-C301-40F9-83BE-D09187CC0687}.Debug|x86.ActiveCfg = Debug|x86
		{0397FD6A-C301-40F9-83BE-D09187CC0687}.Debug|x86.Build.0 = Debug|x86
		{0397FD6A-C301-40F9-83BE-D09187CC0687}.Release|.NET.ActiveCfg = Release|x86
		{0397FD6A-C301-40F9-83BE-D09187CC0687}.Release|Any CPU.ActiveCfg = Release|x86
		{0397FD6A-C301-40F9-83BE-D09187CC0687}.Release|Any CPU.Build.0 = Release|x86
		{0397FD6A-C301-40F9-83BE-D09187CC0687}.Release|Mixed Platforms.ActiveCfg = Release|x86
		{0397FD6A-C301-40F9-83BE-D09187CC0687}.Release|Mixed Platforms.Build.0 = Release|x86
		{0397FD6A-C301-40F9-83BE-D09187CC0687}.Release|x64.ActiveCfg = Release|x64
		{0397FD6A-C301-40F9-83BE-D09187CC0687}.Release|x64.Build.0 = Release|x64
		{0397FD6A-C301-40F9-83BE-D09187CC0687}.Release|x86.ActiveCfg = Release|x86
		{0397FD6A-C301-40F9-83BE-D09187CC0687}.Release|x86.Build.0 = Release|x86
		{539F4AE5-A4AA-4453-B9C8-5C1558C17FE0}.Debug|.NET.ActiveCfg = Debug|Any CPU
		{539F4AE5-A4AA-4453-B9C8-5C1558C17FE0}.Debug|Any CPU.ActiveCfg = Debug|Any CPU
		{539F4AE5-A4AA-4453-B9C8-5C1558C17FE0}.Debug|Any CPU.Build.0 = Debug|Any CPU
		{539F4AE5-A4AA-4453-B9C8-5C1558C17FE0}.Debug|Mixed Platforms.ActiveCfg = Debug|Any CPU
		{539F4AE5-A4AA-4453-B9C8-5C1558C17FE0}.Debug|Mixed Platforms.Build.0 = Debug|Any CPU
		{539F4AE5-A4AA-4453-B9C8-5C1558C17FE0}.Debug|x64.ActiveCfg = Debug|x64
		{539F4AE5-A4AA-4453-B9C8-5C1558C17FE0}.Debug|x64.Build.0 = Debug|x64
		{539F4AE5-A4AA-4453-B9C8-5C1558C17FE0}.Debug|x86.ActiveCfg = Debug|Any CPU
		{539F4AE5-A4AA-4453-B9C8-5C1558C17FE0}.Release|.NET.ActiveCfg = Release|Any CPU
		{539F4AE5-A4AA-4453-B9C8-5C1558C17FE0}.Release|Any CPU.ActiveCfg = Release|Any CPU
		{539F4AE5-A4AA-4453-B9C8-5C1558C17FE0}.Release|Any CPU.Build.0 = Release|Any CPU
		{539F4AE5-A4AA-4453-B9C8-5C1558C17FE0}.Release|Mixed Platforms.ActiveCfg = Release|Any CPU
		{539F4AE5-A4AA-4453-B9C8-5C1558C17FE0}.Release|Mixed Platforms.Build.0 = Release|Any CPU
		{539F4AE5-A4AA-4453-B9C8-5C1558C17FE0}.Release|x64.ActiveCfg = Release|x64
		{539F4AE5-A4AA-4453-B9C8-5C1558C17FE0}.Release|x64.Build.0 = Release|x64
		{539F4AE5-A4AA-4453-B9C8-5C1558C17FE0}.Release|x86.ActiveCfg = Release|Any CPU
		{51D5D428-1BB0-4BBB-A051-94C604606D93}.Debug|.NET.ActiveCfg = Debug|Any CPU
		{51D5D428-1BB0-4BBB-A051-94C604606D93}.Debug|Any CPU.ActiveCfg = Debug|Any CPU
		{51D5D428-1BB0-4BBB-A051-94C604606D93}.Debug|Any CPU.Build.0 = Debug|Any CPU
		{51D5D428-1BB0-4BBB-A051-94C604606D93}.Debug|Mixed Platforms.ActiveCfg = Debug|Any CPU
		{51D5D428-1BB0-4BBB-A051-94C604606D93}.Debug|Mixed Platforms.Build.0 = Debug|Any CPU
		{51D5D428-1BB0-4BBB-A051-94C604606D93}.Debug|x64.ActiveCfg = Debug|Any CPU
		{51D5D428-1BB0-4BBB-A051-94C604606D93}.Debug|x64.Build.0 = Debug|Any CPU
		{51D5D428-1BB0-4BBB-A051-94C604606D93}.Debug|x86.ActiveCfg = Debug|Any CPU
		{51D5D428-1BB0-4BBB-A051-94C604606D93}.Release|.NET.ActiveCfg = Release|Any CPU
		{51D5D428-1BB0-4BBB-A051-94C604606D93}.Release|Any CPU.ActiveCfg = Release|Any CPU
		{51D5D428-1BB0-4BBB-A051-94C604606D93}.Release|Any CPU.Build.0 = Release|Any CPU
		{51D5D428-1BB0-4BBB-A051-94C604606D93}.Release|Mixed Platforms.ActiveCfg = Release|Any CPU
		{51D5D428-1BB0-4BBB-A051-94C604606D93}.Release|Mixed Platforms.Build.0 = Release|Any CPU
		{51D5D428-1BB0-4BBB-A051-94C604606D93}.Release|x64.ActiveCfg = Release|Any CPU
		{51D5D428-1BB0-4BBB-A051-94C604606D93}.Release|x64.Build.0 = Release|Any CPU
		{51D5D428-1BB0-4BBB-A051-94C604606D93}.Release|x86.ActiveCfg = Release|Any CPU
	EndGlobalSection
	GlobalSection(SolutionProperties) = preSolution
		HideSolutionNode = FALSE
	EndGlobalSection
EndGlobal
